
Microsoft Visual Studio Solution File, Format Version 12.00
# Visual Studio Version 17
VisualStudioVersion = 17.9.34723.18
MinimumVisualStudioVersion = 10.0.40219.1
Project("{FAE04EC0-301F-11D3-BF4B-00C04F79EFBC}") = "ConsoleApp5", "ConsoleApp5\ConsoleApp5.csproj", "{B719808C-56C8-496B-BE4F-9DC169F854C2}"
EndProject
Project("{FAE04EC0-301F-11D3-BF4B-00C04F79EFBC}") = "Database", "Database\Database.csproj", "{5CF42A9F-130F-4E59-8054-CDB38DC0E848}"
EndProject
Global
	GlobalSection(SolutionConfigurationPlatforms) = preSolution
		Debug|Any CPU = Debug|Any CPU
		Release|Any CPU = Release|Any CPU
	EndGlobalSection
	GlobalSection(ProjectConfigurationPlatforms) = postSolution
		{B719808C-56C8-496B-BE4F-9DC169F854C2}.Debug|Any CPU.ActiveCfg = Debug|Any CPU
		{B719808C-56C8-496B-BE4F-9DC169F854C2}.Debug|Any CPU.Build.0 = Debug|Any CPU
		{B719808C-56C8-496B-BE4F-9DC169F854C2}.Release|Any CPU.ActiveCfg = Release|Any CPU
		{B719808C-56C8-496B-BE4F-9DC169F854C2}.Release|Any CPU.Build.0 = Release|Any CPU
		{5CF42A9F-130F-4E59-8054-CDB38DC0E848}.Debug|Any CPU.ActiveCfg = Debug|Any CPU
		{5CF42A9F-130F-4E59-8054-CDB38DC0E848}.Debug|Any CPU.Build.0 = Debug|Any CPU
		{5CF42A9F-130F-4E59-8054-CDB38DC0E848}.Release|Any CPU.ActiveCfg = Release|Any CPU
		{5CF42A9F-130F-4E59-8054-CDB38DC0E848}.Release|Any CPU.Build.0 = Release|Any CPU
	EndGlobalSection
	GlobalSection(SolutionProperties) = preSolution
		HideSolutionNode = FALSE
	EndGlobalSection
	GlobalSection(ExtensibilityGlobals) = postSolution
		SolutionGuid = {9E94E766-80AC-4180-9F60-CD25FAB2ECD1}
	EndGlobalSection
EndGlobal
